// !$*UTF8*$!
{
	archiveVersion = 1;
	classes = {
	};
	objectVersion = 51;
	objects = {

/* Begin PBXBuildFile section */
		390D34401900F871EDE0FB73 /* Pods_WOI.framework in Frameworks */ = {isa = PBXBuildFile; fileRef = 6C171E02F6677ACC98BEECCC /* Pods_WOI.framework */; };
		3F3C2A342343A5D70043CE67 /* AppDelegate.swift in Sources */ = {isa = PBXBuildFile; fileRef = 3F3C2A332343A5D70043CE67 /* AppDelegate.swift */; };
		3F3C2A362343A5D70043CE67 /* SceneDelegate.swift in Sources */ = {isa = PBXBuildFile; fileRef = 3F3C2A352343A5D70043CE67 /* SceneDelegate.swift */; };
		3F3C2A382343A5D70043CE67 /* ViewController.swift in Sources */ = {isa = PBXBuildFile; fileRef = 3F3C2A372343A5D70043CE67 /* ViewController.swift */; };
		3F3C2A3B2343A5D70043CE67 /* Main.storyboard in Resources */ = {isa = PBXBuildFile; fileRef = 3F3C2A392343A5D70043CE67 /* Main.storyboard */; };
		3F3C2A3D2343A5D80043CE67 /* Assets.xcassets in Resources */ = {isa = PBXBuildFile; fileRef = 3F3C2A3C2343A5D80043CE67 /* Assets.xcassets */; };
		3F3C2A402343A5D80043CE67 /* LaunchScreen.storyboard in Resources */ = {isa = PBXBuildFile; fileRef = 3F3C2A3E2343A5D80043CE67 /* LaunchScreen.storyboard */; };
		3F3C2A482344E3E70043CE67 /* GoogleService-Info.plist in Resources */ = {isa = PBXBuildFile; fileRef = 3F3C2A472344E3E60043CE67 /* GoogleService-Info.plist */; };
		3F4A2CB123455012003DFFED /* homePageFields.swift in Sources */ = {isa = PBXBuildFile; fileRef = 3F4A2CB023455012003DFFED /* homePageFields.swift */; };
		3F4A2CB723455773003DFFED /* firstPage.swift in Sources */ = {isa = PBXBuildFile; fileRef = 3F4A2CB623455773003DFFED /* firstPage.swift */; };
/* End PBXBuildFile section */

/* Begin PBXFileReference section */
		3F3C2A302343A5D70043CE67 /* WOI.app */ = {isa = PBXFileReference; explicitFileType = wrapper.application; includeInIndex = 0; path = WOI.app; sourceTree = BUILT_PRODUCTS_DIR; };
		3F3C2A332343A5D70043CE67 /* AppDelegate.swift */ = {isa = PBXFileReference; lastKnownFileType = sourcecode.swift; path = AppDelegate.swift; sourceTree = "<group>"; };
		3F3C2A352343A5D70043CE67 /* SceneDelegate.swift */ = {isa = PBXFileReference; lastKnownFileType = sourcecode.swift; path = SceneDelegate.swift; sourceTree = "<group>"; };
		3F3C2A372343A5D70043CE67 /* ViewController.swift */ = {isa = PBXFileReference; lastKnownFileType = sourcecode.swift; path = ViewController.swift; sourceTree = "<group>"; };
		3F3C2A3A2343A5D70043CE67 /* Base */ = {isa = PBXFileReference; lastKnownFileType = file.storyboard; name = Base; path = Base.lproj/Main.storyboard; sourceTree = "<group>"; };
		3F3C2A3C2343A5D80043CE67 /* Assets.xcassets */ = {isa = PBXFileReference; lastKnownFileType = folder.assetcatalog; path = Assets.xcassets; sourceTree = "<group>"; };
		3F3C2A3F2343A5D80043CE67 /* Base */ = {isa = PBXFileReference; lastKnownFileType = file.storyboard; name = Base; path = Base.lproj/LaunchScreen.storyboard; sourceTree = "<group>"; };
		3F3C2A412343A5D80043CE67 /* Info.plist */ = {isa = PBXFileReference; lastKnownFileType = text.plist.xml; path = Info.plist; sourceTree = "<group>"; };
		3F3C2A472344E3E60043CE67 /* GoogleService-Info.plist */ = {isa = PBXFileReference; fileEncoding = 4; lastKnownFileType = text.plist.xml; path = "GoogleService-Info.plist"; sourceTree = "<group>"; };
		3F4A2CB023455012003DFFED /* homePageFields.swift */ = {isa = PBXFileReference; lastKnownFileType = sourcecode.swift; path = homePageFields.swift; sourceTree = "<group>"; };
		3F4A2CB623455773003DFFED /* firstPage.swift */ = {isa = PBXFileReference; lastKnownFileType = sourcecode.swift; path = firstPage.swift; sourceTree = "<group>"; };
		6C171E02F6677ACC98BEECCC /* Pods_WOI.framework */ = {isa = PBXFileReference; explicitFileType = wrapper.framework; includeInIndex = 0; path = Pods_WOI.framework; sourceTree = BUILT_PRODUCTS_DIR; };
		84E06A3F4711074B8CEEEEB0 /* Pods-WOI.debug.xcconfig */ = {isa = PBXFileReference; includeInIndex = 1; lastKnownFileType = text.xcconfig; name = "Pods-WOI.debug.xcconfig"; path = "Target Support Files/Pods-WOI/Pods-WOI.debug.xcconfig"; sourceTree = "<group>"; };
		B265F28328F58917E4071636 /* Pods-WOI.release.xcconfig */ = {isa = PBXFileReference; includeInIndex = 1; lastKnownFileType = text.xcconfig; name = "Pods-WOI.release.xcconfig"; path = "Target Support Files/Pods-WOI/Pods-WOI.release.xcconfig"; sourceTree = "<group>"; };
/* End PBXFileReference section */

/* Begin PBXFrameworksBuildPhase section */
		3F3C2A2D2343A5D70043CE67 /* Frameworks */ = {
			isa = PBXFrameworksBuildPhase;
			buildActionMask = 2147483647;
			files = (
				390D34401900F871EDE0FB73 /* Pods_WOI.framework in Frameworks */,
			);
			runOnlyForDeploymentPostprocessing = 0;
		};
/* End PBXFrameworksBuildPhase section */

/* Begin PBXGroup section */
		1800AC39B8CD7C2AE86478EA /* Frameworks */ = {
			isa = PBXGroup;
			children = (
				6C171E02F6677ACC98BEECCC /* Pods_WOI.framework */,
			);
			name = Frameworks;
			sourceTree = "<group>";
		};
		3F3C2A272343A5D60043CE67 = {
			isa = PBXGroup;
			children = (
				3F3C2A322343A5D70043CE67 /* WOI */,
				3F3C2A312343A5D70043CE67 /* Products */,
				A5DE1E398801C410E7DED0F5 /* Pods */,
				1800AC39B8CD7C2AE86478EA /* Frameworks */,
			);
			sourceTree = "<group>";
		};
		3F3C2A312343A5D70043CE67 /* Products */ = {
			isa = PBXGroup;
			children = (
				3F3C2A302343A5D70043CE67 /* WOI.app */,
			);
			name = Products;
			sourceTree = "<group>";
		};
		3F3C2A322343A5D70043CE67 /* WOI */ = {
			isa = PBXGroup;
			children = (
				3F3C2A332343A5D70043CE67 /* AppDelegate.swift */,
				3F3C2A352343A5D70043CE67 /* SceneDelegate.swift */,
				3F3C2A372343A5D70043CE67 /* ViewController.swift */,
				3F4A2CB623455773003DFFED /* firstPage.swift */,
				3F4A2CB023455012003DFFED /* homePageFields.swift */,
				3F3C2A392343A5D70043CE67 /* Main.storyboard */,
				3F3C2A3C2343A5D80043CE67 /* Assets.xcassets */,
				3F3C2A3E2343A5D80043CE67 /* LaunchScreen.storyboard */,
				3F3C2A412343A5D80043CE67 /* Info.plist */,
				3F3C2A472344E3E60043CE67 /* GoogleService-Info.plist */,
			);
			path = WOI;
			sourceTree = "<group>";
		};
		A5DE1E398801C410E7DED0F5 /* Pods */ = {
			isa = PBXGroup;
			children = (
				84E06A3F4711074B8CEEEEB0 /* Pods-WOI.debug.xcconfig */,
				B265F28328F58917E4071636 /* Pods-WOI.release.xcconfig */,
			);
			path = Pods;
			sourceTree = "<group>";
		};
/* End PBXGroup section */

/* Begin PBXNativeTarget section */
		3F3C2A2F2343A5D70043CE67 /* WOI */ = {
			isa = PBXNativeTarget;
			buildConfigurationList = 3F3C2A442343A5D80043CE67 /* Build configuration list for PBXNativeTarget "WOI" */;
			buildPhases = (
				0C812CF866F88851E5BD35B1 /* [CP] Check Pods Manifest.lock */,
				3F3C2A2C2343A5D70043CE67 /* Sources */,
				3F3C2A2D2343A5D70043CE67 /* Frameworks */,
				3F3C2A2E2343A5D70043CE67 /* Resources */,
				CE5F78645B109D0A7087DE48 /* [CP] Embed Pods Frameworks */,
			);
			buildRules = (
			);
			dependencies = (
			);
			name = WOI;
			productName = WOI;
			productReference = 3F3C2A302343A5D70043CE67 /* WOI.app */;
			productType = "com.apple.product-type.application";
		};
/* End PBXNativeTarget section */

/* Begin PBXProject section */
		3F3C2A282343A5D70043CE67 /* Project object */ = {
			isa = PBXProject;
			attributes = {
				LastSwiftUpdateCheck = 1100;
				LastUpgradeCheck = 1100;
				ORGANIZATIONNAME = "Hussein Nagri";
				TargetAttributes = {
					3F3C2A2F2343A5D70043CE67 = {
						CreatedOnToolsVersion = 11.0;
					};
				};
			};
			buildConfigurationList = 3F3C2A2B2343A5D70043CE67 /* Build configuration list for PBXProject "WOI" */;
			compatibilityVersion = "Xcode 9.3";
			developmentRegion = en;
			hasScannedForEncodings = 0;
			knownRegions = (
				en,
				Base,
			);
			mainGroup = 3F3C2A272343A5D60043CE67;
			productRefGroup = 3F3C2A312343A5D70043CE67 /* Products */;
			projectDirPath = "";
			projectRoot = "";
			targets = (
				3F3C2A2F2343A5D70043CE67 /* WOI */,
			);
		};
/* End PBXProject section */

/* Begin PBXResourcesBuildPhase section */
		3F3C2A2E2343A5D70043CE67 /* Resources */ = {
			isa = PBXResourcesBuildPhase;
			buildActionMask = 2147483647;
			files = (
				3F3C2A402343A5D80043CE67 /* LaunchScreen.storyboard in Resources */,
				3F3C2A482344E3E70043CE67 /* GoogleService-Info.plist in Resources */,
				3F3C2A3D2343A5D80043CE67 /* Assets.xcassets in Resources */,
				3F3C2A3B2343A5D70043CE67 /* Main.storyboard in Resources */,
			);
			runOnlyForDeploymentPostprocessing = 0;
		};
/* End PBXResourcesBuildPhase section */

/* Begin PBXShellScriptBuildPhase section */
		0C812CF866F88851E5BD35B1 /* [CP] Check Pods Manifest.lock */ = {
			isa = PBXShellScriptBuildPhase;
			buildActionMask = 2147483647;
			files = (
			);
			inputFileListPaths = (
			);
			inputPaths = (
				"${PODS_PODFILE_DIR_PATH}/Podfile.lock",
				"${PODS_ROOT}/Manifest.lock",
			);
			name = "[CP] Check Pods Manifest.lock";
			outputFileListPaths = (
			);
			outputPaths = (
				"$(DERIVED_FILE_DIR)/Pods-WOI-checkManifestLockResult.txt",
			);
			runOnlyForDeploymentPostprocessing = 0;
			shellPath = /bin/sh;
			shellScript = "diff \"${PODS_PODFILE_DIR_PATH}/Podfile.lock\" \"${PODS_ROOT}/Manifest.lock\" > /dev/null\nif [ $? != 0 ] ; then\n    # print error to STDERR\n    echo \"error: The sandbox is not in sync with the Podfile.lock. Run 'pod install' or update your CocoaPods installation.\" >&2\n    exit 1\nfi\n# This output is used by Xcode 'outputs' to avoid re-running this script phase.\necho \"SUCCESS\" > \"${SCRIPT_OUTPUT_FILE_0}\"\n";
			showEnvVarsInLog = 0;
		};
		CE5F78645B109D0A7087DE48 /* [CP] Embed Pods Frameworks */ = {
			isa = PBXShellScriptBuildPhase;
			buildActionMask = 2147483647;
			files = (
			);
			inputFileListPaths = (
				"${PODS_ROOT}/Target Support Files/Pods-WOI/Pods-WOI-frameworks-${CONFIGURATION}-input-files.xcfilelist",
			);
			name = "[CP] Embed Pods Frameworks";
			outputFileListPaths = (
				"${PODS_ROOT}/Target Support Files/Pods-WOI/Pods-WOI-frameworks-${CONFIGURATION}-output-files.xcfilelist",
			);
			runOnlyForDeploymentPostprocessing = 0;
			shellPath = /bin/sh;
			shellScript = "\"${PODS_ROOT}/Target Support Files/Pods-WOI/Pods-WOI-frameworks.sh\"\n";
			showEnvVarsInLog = 0;
		};
/* End PBXShellScriptBuildPhase section */

/* Begin PBXSourcesBuildPhase section */
		3F3C2A2C2343A5D70043CE67 /* Sources */ = {
			isa = PBXSourcesBuildPhase;
			buildActionMask = 2147483647;
			files = (
				3F3C2A382343A5D70043CE67 /* ViewController.swift in Sources */,
				3F3C2A342343A5D70043CE67 /* AppDelegate.swift in Sources */,
				3F4A2CB123455012003DFFED /* homePageFields.swift in Sources */,
				3F3C2A362343A5D70043CE67 /* SceneDelegate.swift in Sources */,
				3F4A2CB723455773003DFFED /* firstPage.swift in Sources */,
			);
			runOnlyForDeploymentPostprocessing = 0;
		};
/* End PBXSourcesBuildPhase section */

/* Begin PBXVariantGroup section */
		3F3C2A392343A5D70043CE67 /* Main.storyboard */ = {
			isa = PBXVariantGroup;
			children = (
				3F3C2A3A2343A5D70043CE67 /* Base */,
			);
			name = Main.storyboard;
			sourceTree = "<group>";
		};
		3F3C2A3E2343A5D80043CE67 /* LaunchScreen.storyboard */ = {
			isa = PBXVariantGroup;
			children = (
				3F3C2A3F2343A5D80043CE67 /* Base */,
			);
			name = LaunchScreen.storyboard;
			sourceTree = "<group>";
		};
/* End PBXVariantGroup section */

/* Begin XCBuildConfiguration section */
		3F3C2A422343A5D80043CE67 /* Debug */ = {
			isa = XCBuildConfiguration;
			buildSettings = {
				ALWAYS_SEARCH_USER_PATHS = NO;
				CLANG_ANALYZER_NONNULL = YES;
				CLANG_ANALYZER_NUMBER_OBJECT_CONVERSION = YES_AGGRESSIVE;
				CLANG_CXX_LANGUAGE_STANDARD = "gnu++14";
				CLANG_CXX_LIBRARY = "libc++";
				CLANG_ENABLE_MODULES = YES;
				CLANG_ENABLE_OBJC_ARC = YES;
				CLANG_ENABLE_OBJC_WEAK = YES;
				CLANG_WARN_BLOCK_CAPTURE_AUTORELEASING = YES;
				CLANG_WARN_BOOL_CONVERSION = YES;
				CLANG_WARN_COMMA = YES;
				CLANG_WARN_CONSTANT_CONVERSION = YES;
				CLANG_WARN_DEPRECATED_OBJC_IMPLEMENTATIONS = YES;
				CLANG_WARN_DIRECT_OBJC_ISA_USAGE = YES_ERROR;
				CLANG_WARN_DOCUMENTATION_COMMENTS = YES;
				CLANG_WARN_EMPTY_BODY = YES;
				CLANG_WARN_ENUM_CONVERSION = YES;
				CLANG_WARN_INFINITE_RECURSION = YES;
				CLANG_WARN_INT_CONVERSION = YES;
				CLANG_WARN_NON_LITERAL_NULL_CONVERSION = YES;
				CLANG_WARN_OBJC_IMPLICIT_RETAIN_SELF = YES;
				CLANG_WARN_OBJC_LITERAL_CONVERSION = YES;
				CLANG_WARN_OBJC_ROOT_CLASS = YES_ERROR;
				CLANG_WARN_RANGE_LOOP_ANALYSIS = YES;
				CLANG_WARN_STRICT_PROTOTYPES = YES;
				CLANG_WARN_SUSPICIOUS_MOVE = YES;
				CLANG_WARN_UNGUARDED_AVAILABILITY = YES_AGGRESSIVE;
				CLANG_WARN_UNREACHABLE_CODE = YES;
				CLANG_WARN__DUPLICATE_METHOD_MATCH = YES;
				COPY_PHASE_STRIP = NO;
				DEBUG_INFORMATION_FORMAT = dwarf;
				ENABLE_STRICT_OBJC_MSGSEND = YES;
				ENABLE_TESTABILITY = YES;
				GCC_C_LANGUAGE_STANDARD = gnu11;
				GCC_DYNAMIC_NO_PIC = NO;
				GCC_NO_COMMON_BLOCKS = YES;
				GCC_OPTIMIZATION_LEVEL = 0;
				GCC_PREPROCESSOR_DEFINITIONS = (
					"DEBUG=1",
					"$(inherited)",
				);
				GCC_WARN_64_TO_32_BIT_CONVERSION = YES;
				GCC_WARN_ABOUT_RETURN_TYPE = YES_ERROR;
				GCC_WARN_UNDECLARED_SELECTOR = YES;
				GCC_WARN_UNINITIALIZED_AUTOS = YES_AGGRESSIVE;
				GCC_WARN_UNUSED_FUNCTION = YES;
				GCC_WARN_UNUSED_VARIABLE = YES;
				IPHONEOS_DEPLOYMENT_TARGET = 13.0;
				MTL_ENABLE_DEBUG_INFO = INCLUDE_SOURCE;
				MTL_FAST_MATH = YES;
				ONLY_ACTIVE_ARCH = YES;
				SDKROOT = iphoneos;
				SWIFT_ACTIVE_COMPILATION_CONDITIONS = DEBUG;
				SWIFT_OPTIMIZATION_LEVEL = "-Onone";
			};
			name = Debug;
		};
		3F3C2A432343A5D80043CE67 /* Release */ = {
			isa = XCBuildConfiguration;
			buildSettings = {
				ALWAYS_SEARCH_USER_PATHS = NO;
				CLANG_ANALYZER_NONNULL = YES;
				CLANG_ANALYZER_NUMBER_OBJECT_CONVERSION = YES_AGGRESSIVE;
				CLANG_CXX_LANGUAGE_STANDARD = "gnu++14";
				CLANG_CXX_LIBRARY = "libc++";
				CLANG_ENABLE_MODULES = YES;
				CLANG_ENABLE_OBJC_ARC = YES;
				CLANG_ENABLE_OBJC_WEAK = YES;
				CLANG_WARN_BLOCK_CAPTURE_AUTORELEASING = YES;
				CLANG_WARN_BOOL_CONVERSION = YES;
				CLANG_WARN_COMMA = YES;
				CLANG_WARN_CONSTANT_CONVERSION = YES;
				CLANG_WARN_DEPRECATED_OBJC_IMPLEMENTATIONS = YES;
				CLANG_WARN_DIRECT_OBJC_ISA_USAGE = YES_ERROR;
				CLANG_WARN_DOCUMENTATION_COMMENTS = YES;
				CLANG_WARN_EMPTY_BODY = YES;
				CLANG_WARN_ENUM_CONVERSION = YES;
				CLANG_WARN_INFINITE_RECURSION = YES;
				CLANG_WARN_INT_CONVERSION = YES;
				CLANG_WARN_NON_LITERAL_NULL_CONVERSION = YES;
				CLANG_WARN_OBJC_IMPLICIT_RETAIN_SELF = YES;
				CLANG_WARN_OBJC_LITERAL_CONVERSION = YES;
				CLANG_WARN_OBJC_ROOT_CLASS = YES_ERROR;
				CLANG_WARN_RANGE_LOOP_ANALYSIS = YES;
				CLANG_WARN_STRICT_PROTOTYPES = YES;
				CLANG_WARN_SUSPICIOUS_MOVE = YES;
				CLANG_WARN_UNGUARDED_AVAILABILITY = YES_AGGRESSIVE;
				CLANG_WARN_UNREACHABLE_CODE = YES;
				CLANG_WARN__DUPLICATE_METHOD_MATCH = YES;
				COPY_PHASE_STRIP = NO;
				DEBUG_INFORMATION_FORMAT = "dwarf-with-dsym";
				ENABLE_NS_ASSERTIONS = NO;
				ENABLE_STRICT_OBJC_MSGSEND = YES;
				GCC_C_LANGUAGE_STANDARD = gnu11;
				GCC_NO_COMMON_BLOCKS = YES;
				GCC_WARN_64_TO_32_BIT_CONVERSION = YES;
				GCC_WARN_ABOUT_RETURN_TYPE = YES_ERROR;
				GCC_WARN_UNDECLARED_SELECTOR = YES;
				GCC_WARN_UNINITIALIZED_AUTOS = YES_AGGRESSIVE;
				GCC_WARN_UNUSED_FUNCTION = YES;
				GCC_WARN_UNUSED_VARIABLE = YES;
				IPHONEOS_DEPLOYMENT_TARGET = 13.0;
				MTL_ENABLE_DEBUG_INFO = NO;
				MTL_FAST_MATH = YES;
				SDKROOT = iphoneos;
				SWIFT_COMPILATION_MODE = wholemodule;
				SWIFT_OPTIMIZATION_LEVEL = "-O";
				VALIDATE_PRODUCT = YES;
			};
			name = Release;
		};
		3F3C2A452343A5D80043CE67 /* Debug */ = {
			isa = XCBuildConfiguration;
			baseConfigurationReference = 84E06A3F4711074B8CEEEEB0 /* Pods-WOI.debug.xcconfig */;
			buildSettings = {
				ASSETCATALOG_COMPILER_APPICON_NAME = AppIcon;
				CODE_SIGN_STYLE = Automatic;
				DEVELOPMENT_TEAM = FXMRWH873T;
				INFOPLIST_FILE = WOI/Info.plist;
				LD_RUNPATH_SEARCH_PATHS = (
					"$(inherited)",
					"@executable_path/Frameworks",
				);
				PRODUCT_BUNDLE_IDENTIFIER = com.HusseinNagri.WOI;
				PRODUCT_NAME = "$(TARGET_NAME)";
				SWIFT_VERSION = 5.0;
				TARGETED_DEVICE_FAMILY = "1,2";
			};
			name = Debug;
		};
		3F3C2A462343A5D80043CE67 /* Release */ = {
			isa = XCBuildConfiguration;
			baseConfigurationReference = B265F28328F58917E4071636 /* Pods-WOI.release.xcconfig */;
			buildSettings = {
				ASSETCATALOG_COMPILER_APPICON_NAME = AppIcon;
				CODE_SIGN_STYLE = Automatic;
				DEVELOPMENT_TEAM = FXMRWH873T;
				INFOPLIST_FILE = WOI/Info.plist;
				LD_RUNPATH_SEARCH_PATHS = (
					"$(inherited)",
					"@executable_path/Frameworks",
				);
				PRODUCT_BUNDLE_IDENTIFIER = com.HusseinNagri.WOI;
				PRODUCT_NAME = "$(TARGET_NAME)";
				SWIFT_VERSION = 5.0;
				TARGETED_DEVICE_FAMILY = "1,2";
			};
			name = Release;
		};
/* End XCBuildConfiguration section */

/* Begin XCConfigurationList section */
		3F3C2A2B2343A5D70043CE67 /* Build configuration list for PBXProject "WOI" */ = {
			isa = XCConfigurationList;
			buildConfigurations = (
				3F3C2A422343A5D80043CE67 /* Debug */,
				3F3C2A432343A5D80043CE67 /* Release */,
			);
			defaultConfigurationIsVisible = 0;
			defaultConfigurationName = Release;
		};
		3F3C2A442343A5D80043CE67 /* Build configuration list for PBXNativeTarget "WOI" */ = {
			isa = XCConfigurationList;
			buildConfigurations = (
				3F3C2A452343A5D80043CE67 /* Debug */,
				3F3C2A462343A5D80043CE67 /* Release */,
			);
			defaultConfigurationIsVisible = 0;
			defaultConfigurationName = Release;
		};
/* End XCConfigurationList section */
	};
	rootObject = 3F3C2A282343A5D70043CE67 /* Project object */;
}
