// !$*UTF8*$!
{
	archiveVersion = 1;
	classes = {
	};
	objectVersion = 51;
	objects = {

/* Begin PBXBuildFile section */
		390D34401900F871EDE0FB73 /* Pods_WOI.framework in Frameworks */ = {isa = PBXBuildFile; fileRef = 6C171E02F6677ACC98BEECCC /* Pods_WOI.framework */; };
		3F3C2A342343A5D70043CE67 /* AppDelegate.swift in Sources */ = {isa = PBXBuildFile; fileRef = 3F3C2A332343A5D70043CE67 /* AppDelegate.swift */; };
		3F3C2A362343A5D70043CE67 /* SceneDelegate.swift in Sources */ = {isa = PBXBuildFile; fileRef = 3F3C2A352343A5D70043CE67 /* SceneDelegate.swift */; };
		3F3C2A3B2343A5D70043CE67 /* Main.storyboard in Resources */ = {isa = PBXBuildFile; fileRef = 3F3C2A392343A5D70043CE67 /* Main.storyboard */; };
		3F3C2A3D2343A5D80043CE67 /* Assets.xcassets in Resources */ = {isa = PBXBuildFile; fileRef = 3F3C2A3C2343A5D80043CE67 /* Assets.xcassets */; };
		3F3C2A402343A5D80043CE67 /* LaunchScreen.storyboard in Resources */ = {isa = PBXBuildFile; fileRef = 3F3C2A3E2343A5D80043CE67 /* LaunchScreen.storyboard */; };
		3F3C2A482344E3E70043CE67 /* GoogleService-Info.plist in Resources */ = {isa = PBXBuildFile; fileRef = 3F3C2A472344E3E60043CE67 /* GoogleService-Info.plist */; };
		3F5EBEA6234E19BC001A1FEF /* fourthBasePage.swift in Sources */ = {isa = PBXBuildFile; fileRef = 3F5EBEA5234E19BC001A1FEF /* fourthBasePage.swift */; };
		3F5EBEA8234E1C64001A1FEF /* fourthYesPage.swift in Sources */ = {isa = PBXBuildFile; fileRef = 3F5EBEA7234E1C64001A1FEF /* fourthYesPage.swift */; };
		3F5EBEAA234E1EBB001A1FEF /* fourthNoPage.swift in Sources */ = {isa = PBXBuildFile; fileRef = 3F5EBEA9234E1EBB001A1FEF /* fourthNoPage.swift */; };
		3F5EBEAC234E20D8001A1FEF /* fourthNAPage.swift in Sources */ = {isa = PBXBuildFile; fileRef = 3F5EBEAB234E20D8001A1FEF /* fourthNAPage.swift */; };
		3F5EBEAE234E2374001A1FEF /* fifthBasePage.swift in Sources */ = {isa = PBXBuildFile; fileRef = 3F5EBEAD234E2374001A1FEF /* fifthBasePage.swift */; };
		3F5EBEB0234E25C3001A1FEF /* fifthYesPage.swift in Sources */ = {isa = PBXBuildFile; fileRef = 3F5EBEAF234E25C3001A1FEF /* fifthYesPage.swift */; };
		3F5EBEB2234E2949001A1FEF /* fifthNoPage.swift in Sources */ = {isa = PBXBuildFile; fileRef = 3F5EBEB1234E2949001A1FEF /* fifthNoPage.swift */; };
		3F5EBEB4234E2B7F001A1FEF /* fifthNAPage.swift in Sources */ = {isa = PBXBuildFile; fileRef = 3F5EBEB3234E2B7F001A1FEF /* fifthNAPage.swift */; };
		3F5EBEB6234E3AE7001A1FEF /* sixthBasePage.swift in Sources */ = {isa = PBXBuildFile; fileRef = 3F5EBEB5234E3AE7001A1FEF /* sixthBasePage.swift */; };
		3F5EBEB8234E3B27001A1FEF /* sixthYesPage.swift in Sources */ = {isa = PBXBuildFile; fileRef = 3F5EBEB7234E3B27001A1FEF /* sixthYesPage.swift */; };
		3F5EBEBA234E3B55001A1FEF /* sixthNoPage.swift in Sources */ = {isa = PBXBuildFile; fileRef = 3F5EBEB9234E3B55001A1FEF /* sixthNoPage.swift */; };
		3F5EBEBC234E3B91001A1FEF /* sixthNAPage.swift in Sources */ = {isa = PBXBuildFile; fileRef = 3F5EBEBB234E3B91001A1FEF /* sixthNAPage.swift */; };
		3F5FA054234677CA00C2E14F /* homePageController.swift in Sources */ = {isa = PBXBuildFile; fileRef = 3F5FA053234677CA00C2E14F /* homePageController.swift */; };
		3F5FA056234677D800C2E14F /* homePageFields.swift in Sources */ = {isa = PBXBuildFile; fileRef = 3F5FA055234677D800C2E14F /* homePageFields.swift */; };
		3F64629C234A6FC8005C8C57 /* firstNoPage.swift in Sources */ = {isa = PBXBuildFile; fileRef = 3F64629B234A6FC8005C8C57 /* firstNoPage.swift */; };
		3F7C5139234D540200EF2055 /* firstBasePage.swift in Sources */ = {isa = PBXBuildFile; fileRef = 3F7C5138234D540200EF2055 /* firstBasePage.swift */; };
		3F7C513B234D611E00EF2055 /* secondBasePage.swift in Sources */ = {isa = PBXBuildFile; fileRef = 3F7C513A234D611E00EF2055 /* secondBasePage.swift */; };
		3F7C513D234D61AC00EF2055 /* secondYesPage.swift in Sources */ = {isa = PBXBuildFile; fileRef = 3F7C513C234D61AC00EF2055 /* secondYesPage.swift */; };
		3F8B6E47234D8AC300071C40 /* thirdBasePage.swift in Sources */ = {isa = PBXBuildFile; fileRef = 3F8B6E46234D8AC300071C40 /* thirdBasePage.swift */; };
		3F8B6E49234D8C5A00071C40 /* thirdYesPage.swift in Sources */ = {isa = PBXBuildFile; fileRef = 3F8B6E48234D8C5A00071C40 /* thirdYesPage.swift */; };
		3F8B6E4B234D8CC600071C40 /* thirdNoPage.swift in Sources */ = {isa = PBXBuildFile; fileRef = 3F8B6E4A234D8CC600071C40 /* thirdNoPage.swift */; };
		3F8B6E4D234D8D0C00071C40 /* thirdNAPage.swift in Sources */ = {isa = PBXBuildFile; fileRef = 3F8B6E4C234D8D0C00071C40 /* thirdNAPage.swift */; };
		3FA3A50F234D2ADA00AC71F4 /* firstNAPage.swift in Sources */ = {isa = PBXBuildFile; fileRef = 3FA3A50E234D2ADA00AC71F4 /* firstNAPage.swift */; };
		3FA3A517234D350800AC71F4 /* iOSDropDown.framework in Frameworks */ = {isa = PBXBuildFile; fileRef = 3FA3A516234D350800AC71F4 /* iOSDropDown.framework */; };
		3FD785542369FE43005E9919 /* finalPage.swift in Sources */ = {isa = PBXBuildFile; fileRef = 3FD785532369FE43005E9919 /* finalPage.swift */; };
		3FF88753234D6530007646FE /* secondNoPage.swift in Sources */ = {isa = PBXBuildFile; fileRef = 3FF88752234D6530007646FE /* secondNoPage.swift */; };
		3FF88755234D659F007646FE /* secondNAPage.swift in Sources */ = {isa = PBXBuildFile; fileRef = 3FF88754234D659F007646FE /* secondNAPage.swift */; };
/* End PBXBuildFile section */

/* Begin PBXFileReference section */
		3F3C2A302343A5D70043CE67 /* WOI.app */ = {isa = PBXFileReference; explicitFileType = wrapper.application; includeInIndex = 0; path = WOI.app; sourceTree = BUILT_PRODUCTS_DIR; };
		3F3C2A332343A5D70043CE67 /* AppDelegate.swift */ = {isa = PBXFileReference; lastKnownFileType = sourcecode.swift; path = AppDelegate.swift; sourceTree = "<group>"; };
		3F3C2A352343A5D70043CE67 /* SceneDelegate.swift */ = {isa = PBXFileReference; lastKnownFileType = sourcecode.swift; path = SceneDelegate.swift; sourceTree = "<group>"; };
		3F3C2A3A2343A5D70043CE67 /* Base */ = {isa = PBXFileReference; lastKnownFileType = file.storyboard; name = Base; path = Base.lproj/Main.storyboard; sourceTree = "<group>"; };
		3F3C2A3C2343A5D80043CE67 /* Assets.xcassets */ = {isa = PBXFileReference; lastKnownFileType = folder.assetcatalog; path = Assets.xcassets; sourceTree = "<group>"; };
		3F3C2A3F2343A5D80043CE67 /* Base */ = {isa = PBXFileReference; lastKnownFileType = file.storyboard; name = Base; path = Base.lproj/LaunchScreen.storyboard; sourceTree = "<group>"; };
		3F3C2A412343A5D80043CE67 /* Info.plist */ = {isa = PBXFileReference; lastKnownFileType = text.plist.xml; path = Info.plist; sourceTree = "<group>"; };
		3F3C2A472344E3E60043CE67 /* GoogleService-Info.plist */ = {isa = PBXFileReference; fileEncoding = 4; lastKnownFileType = text.plist.xml; path = "GoogleService-Info.plist"; sourceTree = "<group>"; };
		3F5EBEA5234E19BC001A1FEF /* fourthBasePage.swift */ = {isa = PBXFileReference; lastKnownFileType = sourcecode.swift; path = fourthBasePage.swift; sourceTree = "<group>"; };
		3F5EBEA7234E1C64001A1FEF /* fourthYesPage.swift */ = {isa = PBXFileReference; lastKnownFileType = sourcecode.swift; path = fourthYesPage.swift; sourceTree = "<group>"; };
		3F5EBEA9234E1EBB001A1FEF /* fourthNoPage.swift */ = {isa = PBXFileReference; lastKnownFileType = sourcecode.swift; path = fourthNoPage.swift; sourceTree = "<group>"; };
		3F5EBEAB234E20D8001A1FEF /* fourthNAPage.swift */ = {isa = PBXFileReference; lastKnownFileType = sourcecode.swift; path = fourthNAPage.swift; sourceTree = "<group>"; };
		3F5EBEAD234E2374001A1FEF /* fifthBasePage.swift */ = {isa = PBXFileReference; lastKnownFileType = sourcecode.swift; path = fifthBasePage.swift; sourceTree = "<group>"; };
		3F5EBEAF234E25C3001A1FEF /* fifthYesPage.swift */ = {isa = PBXFileReference; lastKnownFileType = sourcecode.swift; path = fifthYesPage.swift; sourceTree = "<group>"; };
		3F5EBEB1234E2949001A1FEF /* fifthNoPage.swift */ = {isa = PBXFileReference; lastKnownFileType = sourcecode.swift; path = fifthNoPage.swift; sourceTree = "<group>"; };
		3F5EBEB3234E2B7F001A1FEF /* fifthNAPage.swift */ = {isa = PBXFileReference; lastKnownFileType = sourcecode.swift; path = fifthNAPage.swift; sourceTree = "<group>"; };
		3F5EBEB5234E3AE7001A1FEF /* sixthBasePage.swift */ = {isa = PBXFileReference; lastKnownFileType = sourcecode.swift; path = sixthBasePage.swift; sourceTree = "<group>"; };
		3F5EBEB7234E3B27001A1FEF /* sixthYesPage.swift */ = {isa = PBXFileReference; lastKnownFileType = sourcecode.swift; path = sixthYesPage.swift; sourceTree = "<group>"; };
		3F5EBEB9234E3B55001A1FEF /* sixthNoPage.swift */ = {isa = PBXFileReference; lastKnownFileType = sourcecode.swift; path = sixthNoPage.swift; sourceTree = "<group>"; };
		3F5EBEBB234E3B91001A1FEF /* sixthNAPage.swift */ = {isa = PBXFileReference; lastKnownFileType = sourcecode.swift; path = sixthNAPage.swift; sourceTree = "<group>"; };
		3F5FA053234677CA00C2E14F /* homePageController.swift */ = {isa = PBXFileReference; fileEncoding = 4; lastKnownFileType = sourcecode.swift; path = homePageController.swift; sourceTree = "<group>"; };
		3F5FA055234677D800C2E14F /* homePageFields.swift */ = {isa = PBXFileReference; fileEncoding = 4; lastKnownFileType = sourcecode.swift; path = homePageFields.swift; sourceTree = "<group>"; };
		3F64629B234A6FC8005C8C57 /* firstNoPage.swift */ = {isa = PBXFileReference; lastKnownFileType = sourcecode.swift; path = firstNoPage.swift; sourceTree = "<group>"; };
		3F7C5138234D540200EF2055 /* firstBasePage.swift */ = {isa = PBXFileReference; lastKnownFileType = sourcecode.swift; path = firstBasePage.swift; sourceTree = "<group>"; };
		3F7C513A234D611E00EF2055 /* secondBasePage.swift */ = {isa = PBXFileReference; lastKnownFileType = sourcecode.swift; path = secondBasePage.swift; sourceTree = "<group>"; };
		3F7C513C234D61AC00EF2055 /* secondYesPage.swift */ = {isa = PBXFileReference; lastKnownFileType = sourcecode.swift; path = secondYesPage.swift; sourceTree = "<group>"; };
		3F8B6E46234D8AC300071C40 /* thirdBasePage.swift */ = {isa = PBXFileReference; lastKnownFileType = sourcecode.swift; path = thirdBasePage.swift; sourceTree = "<group>"; };
		3F8B6E48234D8C5A00071C40 /* thirdYesPage.swift */ = {isa = PBXFileReference; lastKnownFileType = sourcecode.swift; path = thirdYesPage.swift; sourceTree = "<group>"; };
		3F8B6E4A234D8CC600071C40 /* thirdNoPage.swift */ = {isa = PBXFileReference; lastKnownFileType = sourcecode.swift; path = thirdNoPage.swift; sourceTree = "<group>"; };
		3F8B6E4C234D8D0C00071C40 /* thirdNAPage.swift */ = {isa = PBXFileReference; lastKnownFileType = sourcecode.swift; path = thirdNAPage.swift; sourceTree = "<group>"; };
		3FA3A50E234D2ADA00AC71F4 /* firstNAPage.swift */ = {isa = PBXFileReference; lastKnownFileType = sourcecode.swift; path = firstNAPage.swift; sourceTree = "<group>"; };
		3FA3A516234D350800AC71F4 /* iOSDropDown.framework */ = {isa = PBXFileReference; explicitFileType = wrapper.framework; path = iOSDropDown.framework; sourceTree = BUILT_PRODUCTS_DIR; };
		3FD785532369FE43005E9919 /* finalPage.swift */ = {isa = PBXFileReference; lastKnownFileType = sourcecode.swift; path = finalPage.swift; sourceTree = "<group>"; };
		3FF88752234D6530007646FE /* secondNoPage.swift */ = {isa = PBXFileReference; lastKnownFileType = sourcecode.swift; path = secondNoPage.swift; sourceTree = "<group>"; };
		3FF88754234D659F007646FE /* secondNAPage.swift */ = {isa = PBXFileReference; lastKnownFileType = sourcecode.swift; path = secondNAPage.swift; sourceTree = "<group>"; };
		6C171E02F6677ACC98BEECCC /* Pods_WOI.framework */ = {isa = PBXFileReference; explicitFileType = wrapper.framework; includeInIndex = 0; path = Pods_WOI.framework; sourceTree = BUILT_PRODUCTS_DIR; };
		84E06A3F4711074B8CEEEEB0 /* Pods-WOI.debug.xcconfig */ = {isa = PBXFileReference; includeInIndex = 1; lastKnownFileType = text.xcconfig; name = "Pods-WOI.debug.xcconfig"; path = "Target Support Files/Pods-WOI/Pods-WOI.debug.xcconfig"; sourceTree = "<group>"; };
		B265F28328F58917E4071636 /* Pods-WOI.release.xcconfig */ = {isa = PBXFileReference; includeInIndex = 1; lastKnownFileType = text.xcconfig; name = "Pods-WOI.release.xcconfig"; path = "Target Support Files/Pods-WOI/Pods-WOI.release.xcconfig"; sourceTree = "<group>"; };
/* End PBXFileReference section */

/* Begin PBXFrameworksBuildPhase section */
		3F3C2A2D2343A5D70043CE67 /* Frameworks */ = {
			isa = PBXFrameworksBuildPhase;
			buildActionMask = 2147483647;
			files = (
				3FA3A517234D350800AC71F4 /* iOSDropDown.framework in Frameworks */,
				390D34401900F871EDE0FB73 /* Pods_WOI.framework in Frameworks */,
			);
			runOnlyForDeploymentPostprocessing = 0;
		};
/* End PBXFrameworksBuildPhase section */

/* Begin PBXGroup section */
		1800AC39B8CD7C2AE86478EA /* Frameworks */ = {
			isa = PBXGroup;
			children = (
				3FA3A516234D350800AC71F4 /* iOSDropDown.framework */,
				6C171E02F6677ACC98BEECCC /* Pods_WOI.framework */,
			);
			name = Frameworks;
			sourceTree = "<group>";
		};
		3F3C2A272343A5D60043CE67 = {
			isa = PBXGroup;
			children = (
				3F3C2A322343A5D70043CE67 /* WOI */,
				3F3C2A312343A5D70043CE67 /* Products */,
				A5DE1E398801C410E7DED0F5 /* Pods */,
				1800AC39B8CD7C2AE86478EA /* Frameworks */,
			);
			sourceTree = "<group>";
		};
		3F3C2A312343A5D70043CE67 /* Products */ = {
			isa = PBXGroup;
			children = (
				3F3C2A302343A5D70043CE67 /* WOI.app */,
			);
			name = Products;
			sourceTree = "<group>";
		};
		3F3C2A322343A5D70043CE67 /* WOI */ = {
			isa = PBXGroup;
			children = (
				3F5FA05023463D7300C2E14F /* Model */,
				3F5FA04F23463B6B00C2E14F /* Controllers */,
				3F3C2A332343A5D70043CE67 /* AppDelegate.swift */,
				3F3C2A352343A5D70043CE67 /* SceneDelegate.swift */,
				3F3C2A392343A5D70043CE67 /* Main.storyboard */,
				3F3C2A3C2343A5D80043CE67 /* Assets.xcassets */,
				3F3C2A3E2343A5D80043CE67 /* LaunchScreen.storyboard */,
				3F3C2A412343A5D80043CE67 /* Info.plist */,
				3F3C2A472344E3E60043CE67 /* GoogleService-Info.plist */,
			);
			path = WOI;
			sourceTree = "<group>";
		};
		3F5FA04F23463B6B00C2E14F /* Controllers */ = {
			isa = PBXGroup;
			children = (
				3F5FA053234677CA00C2E14F /* homePageController.swift */,
				3F64629B234A6FC8005C8C57 /* firstNoPage.swift */,
				3FA3A50E234D2ADA00AC71F4 /* firstNAPage.swift */,
				3FF88752234D6530007646FE /* secondNoPage.swift */,
				3FF88754234D659F007646FE /* secondNAPage.swift */,
				3F8B6E4A234D8CC600071C40 /* thirdNoPage.swift */,
				3F8B6E4C234D8D0C00071C40 /* thirdNAPage.swift */,
				3F5EBEA9234E1EBB001A1FEF /* fourthNoPage.swift */,
				3F5EBEAB234E20D8001A1FEF /* fourthNAPage.swift */,
				3F5EBEB1234E2949001A1FEF /* fifthNoPage.swift */,
				3F5EBEB3234E2B7F001A1FEF /* fifthNAPage.swift */,
				3F5EBEB9234E3B55001A1FEF /* sixthNoPage.swift */,
				3F5EBEBB234E3B91001A1FEF /* sixthNAPage.swift */,
				3FD785532369FE43005E9919 /* finalPage.swift */,
			);
			path = Controllers;
			sourceTree = "<group>";
		};
		3F5FA05023463D7300C2E14F /* Model */ = {
			isa = PBXGroup;
			children = (
				3F7C5138234D540200EF2055 /* firstBasePage.swift */,
				3F7C513A234D611E00EF2055 /* secondBasePage.swift */,
				3F5FA055234677D800C2E14F /* homePageFields.swift */,
				3F7C513C234D61AC00EF2055 /* secondYesPage.swift */,
				3F8B6E46234D8AC300071C40 /* thirdBasePage.swift */,
				3F8B6E48234D8C5A00071C40 /* thirdYesPage.swift */,
				3F5EBEA5234E19BC001A1FEF /* fourthBasePage.swift */,
				3F5EBEA7234E1C64001A1FEF /* fourthYesPage.swift */,
				3F5EBEAD234E2374001A1FEF /* fifthBasePage.swift */,
				3F5EBEAF234E25C3001A1FEF /* fifthYesPage.swift */,
				3F5EBEB5234E3AE7001A1FEF /* sixthBasePage.swift */,
				3F5EBEB7234E3B27001A1FEF /* sixthYesPage.swift */,
			);
			path = Model;
			sourceTree = "<group>";
		};
		A5DE1E398801C410E7DED0F5 /* Pods */ = {
			isa = PBXGroup;
			children = (
				84E06A3F4711074B8CEEEEB0 /* Pods-WOI.debug.xcconfig */,
				B265F28328F58917E4071636 /* Pods-WOI.release.xcconfig */,
			);
			path = Pods;
			sourceTree = "<group>";
		};
/* End PBXGroup section */

/* Begin PBXNativeTarget section */
		3F3C2A2F2343A5D70043CE67 /* WOI */ = {
			isa = PBXNativeTarget;
			buildConfigurationList = 3F3C2A442343A5D80043CE67 /* Build configuration list for PBXNativeTarget "WOI" */;
			buildPhases = (
				0C812CF866F88851E5BD35B1 /* [CP] Check Pods Manifest.lock */,
				3F3C2A2C2343A5D70043CE67 /* Sources */,
				3F3C2A2D2343A5D70043CE67 /* Frameworks */,
				3F3C2A2E2343A5D70043CE67 /* Resources */,
				CE5F78645B109D0A7087DE48 /* [CP] Embed Pods Frameworks */,
			);
			buildRules = (
			);
			dependencies = (
			);
			name = WOI;
			productName = WOI;
			productReference = 3F3C2A302343A5D70043CE67 /* WOI.app */;
			productType = "com.apple.product-type.application";
		};
/* End PBXNativeTarget section */

/* Begin PBXProject section */
		3F3C2A282343A5D70043CE67 /* Project object */ = {
			isa = PBXProject;
			attributes = {
				LastSwiftUpdateCheck = 1100;
				LastUpgradeCheck = 1100;
				ORGANIZATIONNAME = "Hussein Nagri";
				TargetAttributes = {
					3F3C2A2F2343A5D70043CE67 = {
						CreatedOnToolsVersion = 11.0;
					};
				};
			};
			buildConfigurationList = 3F3C2A2B2343A5D70043CE67 /* Build configuration list for PBXProject "WOI" */;
			compatibilityVersion = "Xcode 10.0";
			developmentRegion = en;
			hasScannedForEncodings = 0;
			knownRegions = (
				en,
				Base,
			);
			mainGroup = 3F3C2A272343A5D60043CE67;
			productRefGroup = 3F3C2A312343A5D70043CE67 /* Products */;
			projectDirPath = "";
			projectRoot = "";
			targets = (
				3F3C2A2F2343A5D70043CE67 /* WOI */,
			);
		};
/* End PBXProject section */

/* Begin PBXResourcesBuildPhase section */
		3F3C2A2E2343A5D70043CE67 /* Resources */ = {
			isa = PBXResourcesBuildPhase;
			buildActionMask = 2147483647;
			files = (
				3F3C2A402343A5D80043CE67 /* LaunchScreen.storyboard in Resources */,
				3F3C2A482344E3E70043CE67 /* GoogleService-Info.plist in Resources */,
				3F3C2A3D2343A5D80043CE67 /* Assets.xcassets in Resources */,
				3F3C2A3B2343A5D70043CE67 /* Main.storyboard in Resources */,
			);
			runOnlyForDeploymentPostprocessing = 0;
		};
/* End PBXResourcesBuildPhase section */

/* Begin PBXShellScriptBuildPhase section */
		0C812CF866F88851E5BD35B1 /* [CP] Check Pods Manifest.lock */ = {
			isa = PBXShellScriptBuildPhase;
			buildActionMask = 2147483647;
			files = (
			);
			inputFileListPaths = (
			);
			inputPaths = (
				"${PODS_PODFILE_DIR_PATH}/Podfile.lock",
				"${PODS_ROOT}/Manifest.lock",
			);
			name = "[CP] Check Pods Manifest.lock";
			outputFileListPaths = (
			);
			outputPaths = (
				"$(DERIVED_FILE_DIR)/Pods-WOI-checkManifestLockResult.txt",
			);
			runOnlyForDeploymentPostprocessing = 0;
			shellPath = /bin/sh;
			shellScript = "diff \"${PODS_PODFILE_DIR_PATH}/Podfile.lock\" \"${PODS_ROOT}/Manifest.lock\" > /dev/null\nif [ $? != 0 ] ; then\n    # print error to STDERR\n    echo \"error: The sandbox is not in sync with the Podfile.lock. Run 'pod install' or update your CocoaPods installation.\" >&2\n    exit 1\nfi\n# This output is used by Xcode 'outputs' to avoid re-running this script phase.\necho \"SUCCESS\" > \"${SCRIPT_OUTPUT_FILE_0}\"\n";
			showEnvVarsInLog = 0;
		};
		CE5F78645B109D0A7087DE48 /* [CP] Embed Pods Frameworks */ = {
			isa = PBXShellScriptBuildPhase;
			buildActionMask = 2147483647;
			files = (
			);
			inputFileListPaths = (
				"${PODS_ROOT}/Target Support Files/Pods-WOI/Pods-WOI-frameworks-${CONFIGURATION}-input-files.xcfilelist",
			);
			name = "[CP] Embed Pods Frameworks";
			outputFileListPaths = (
				"${PODS_ROOT}/Target Support Files/Pods-WOI/Pods-WOI-frameworks-${CONFIGURATION}-output-files.xcfilelist",
			);
			runOnlyForDeploymentPostprocessing = 0;
			shellPath = /bin/sh;
			shellScript = "\"${PODS_ROOT}/Target Support Files/Pods-WOI/Pods-WOI-frameworks.sh\"\n";
			showEnvVarsInLog = 0;
		};
/* End PBXShellScriptBuildPhase section */

/* Begin PBXSourcesBuildPhase section */
		3F3C2A2C2343A5D70043CE67 /* Sources */ = {
			isa = PBXSourcesBuildPhase;
			buildActionMask = 2147483647;
			files = (
				3FF88753234D6530007646FE /* secondNoPage.swift in Sources */,
				3FF88755234D659F007646FE /* secondNAPage.swift in Sources */,
				3F64629C234A6FC8005C8C57 /* firstNoPage.swift in Sources */,
				3F5EBEAA234E1EBB001A1FEF /* fourthNoPage.swift in Sources */,
				3F5EBEB0234E25C3001A1FEF /* fifthYesPage.swift in Sources */,
				3F5EBEB8234E3B27001A1FEF /* sixthYesPage.swift in Sources */,
				3F5EBEB2234E2949001A1FEF /* fifthNoPage.swift in Sources */,
				3F8B6E4D234D8D0C00071C40 /* thirdNAPage.swift in Sources */,
				3F5EBEA8234E1C64001A1FEF /* fourthYesPage.swift in Sources */,
				3FD785542369FE43005E9919 /* finalPage.swift in Sources */,
				3F5FA054234677CA00C2E14F /* homePageController.swift in Sources */,
				3F5EBEB4234E2B7F001A1FEF /* fifthNAPage.swift in Sources */,
				3F3C2A342343A5D70043CE67 /* AppDelegate.swift in Sources */,
				3F5EBEBC234E3B91001A1FEF /* sixthNAPage.swift in Sources */,
				3F5EBEBA234E3B55001A1FEF /* sixthNoPage.swift in Sources */,
				3F5EBEB6234E3AE7001A1FEF /* sixthBasePage.swift in Sources */,
				3F5EBEA6234E19BC001A1FEF /* fourthBasePage.swift in Sources */,
				3F5EBEAC234E20D8001A1FEF /* fourthNAPage.swift in Sources */,
				3F3C2A362343A5D70043CE67 /* SceneDelegate.swift in Sources */,
				3F8B6E49234D8C5A00071C40 /* thirdYesPage.swift in Sources */,
				3F5EBEAE234E2374001A1FEF /* fifthBasePage.swift in Sources */,
				3F8B6E47234D8AC300071C40 /* thirdBasePage.swift in Sources */,
				3F7C513D234D61AC00EF2055 /* secondYesPage.swift in Sources */,
				3F8B6E4B234D8CC600071C40 /* thirdNoPage.swift in Sources */,
				3F7C513B234D611E00EF2055 /* secondBasePage.swift in Sources */,
				3FA3A50F234D2ADA00AC71F4 /* firstNAPage.swift in Sources */,
				3F5FA056234677D800C2E14F /* homePageFields.swift in Sources */,
				3F7C5139234D540200EF2055 /* firstBasePage.swift in Sources */,
			);
			runOnlyForDeploymentPostprocessing = 0;
		};
/* End PBXSourcesBuildPhase section */

/* Begin PBXVariantGroup section */
		3F3C2A392343A5D70043CE67 /* Main.storyboard */ = {
			isa = PBXVariantGroup;
			children = (
				3F3C2A3A2343A5D70043CE67 /* Base */,
			);
			name = Main.storyboard;
			sourceTree = "<group>";
		};
		3F3C2A3E2343A5D80043CE67 /* LaunchScreen.storyboard */ = {
			isa = PBXVariantGroup;
			children = (
				3F3C2A3F2343A5D80043CE67 /* Base */,
			);
			name = LaunchScreen.storyboard;
			sourceTree = "<group>";
		};
/* End PBXVariantGroup section */

/* Begin XCBuildConfiguration section */
		3F3C2A422343A5D80043CE67 /* Debug */ = {
			isa = XCBuildConfiguration;
			buildSettings = {
				ALWAYS_SEARCH_USER_PATHS = NO;
				CLANG_ANALYZER_NONNULL = YES;
				CLANG_ANALYZER_NUMBER_OBJECT_CONVERSION = YES_AGGRESSIVE;
				CLANG_CXX_LANGUAGE_STANDARD = "gnu++14";
				CLANG_CXX_LIBRARY = "libc++";
				CLANG_ENABLE_MODULES = YES;
				CLANG_ENABLE_OBJC_ARC = YES;
				CLANG_ENABLE_OBJC_WEAK = YES;
				CLANG_WARN_BLOCK_CAPTURE_AUTORELEASING = YES;
				CLANG_WARN_BOOL_CONVERSION = YES;
				CLANG_WARN_COMMA = YES;
				CLANG_WARN_CONSTANT_CONVERSION = YES;
				CLANG_WARN_DEPRECATED_OBJC_IMPLEMENTATIONS = YES;
				CLANG_WARN_DIRECT_OBJC_ISA_USAGE = YES_ERROR;
				CLANG_WARN_DOCUMENTATION_COMMENTS = YES;
				CLANG_WARN_EMPTY_BODY = YES;
				CLANG_WARN_ENUM_CONVERSION = YES;
				CLANG_WARN_INFINITE_RECURSION = YES;
				CLANG_WARN_INT_CONVERSION = YES;
				CLANG_WARN_NON_LITERAL_NULL_CONVERSION = YES;
				CLANG_WARN_OBJC_IMPLICIT_RETAIN_SELF = YES;
				CLANG_WARN_OBJC_LITERAL_CONVERSION = YES;
				CLANG_WARN_OBJC_ROOT_CLASS = YES_ERROR;
				CLANG_WARN_RANGE_LOOP_ANALYSIS = YES;
				CLANG_WARN_STRICT_PROTOTYPES = YES;
				CLANG_WARN_SUSPICIOUS_MOVE = YES;
				CLANG_WARN_UNGUARDED_AVAILABILITY = YES_AGGRESSIVE;
				CLANG_WARN_UNREACHABLE_CODE = YES;
				CLANG_WARN__DUPLICATE_METHOD_MATCH = YES;
				COPY_PHASE_STRIP = NO;
				DEBUG_INFORMATION_FORMAT = dwarf;
				ENABLE_STRICT_OBJC_MSGSEND = YES;
				ENABLE_TESTABILITY = YES;
				GCC_C_LANGUAGE_STANDARD = gnu11;
				GCC_DYNAMIC_NO_PIC = NO;
				GCC_NO_COMMON_BLOCKS = YES;
				GCC_OPTIMIZATION_LEVEL = 0;
				GCC_PREPROCESSOR_DEFINITIONS = (
					"DEBUG=1",
					"$(inherited)",
				);
				GCC_WARN_64_TO_32_BIT_CONVERSION = YES;
				GCC_WARN_ABOUT_RETURN_TYPE = YES_ERROR;
				GCC_WARN_UNDECLARED_SELECTOR = YES;
				GCC_WARN_UNINITIALIZED_AUTOS = YES_AGGRESSIVE;
				GCC_WARN_UNUSED_FUNCTION = YES;
				GCC_WARN_UNUSED_VARIABLE = YES;
				IPHONEOS_DEPLOYMENT_TARGET = 13.2;
				MTL_ENABLE_DEBUG_INFO = INCLUDE_SOURCE;
				MTL_FAST_MATH = YES;
				ONLY_ACTIVE_ARCH = YES;
				SDKROOT = iphoneos;
				SWIFT_ACTIVE_COMPILATION_CONDITIONS = DEBUG;
				SWIFT_OPTIMIZATION_LEVEL = "-Onone";
			};
			name = Debug;
		};
		3F3C2A432343A5D80043CE67 /* Release */ = {
			isa = XCBuildConfiguration;
			buildSettings = {
				ALWAYS_SEARCH_USER_PATHS = NO;
				CLANG_ANALYZER_NONNULL = YES;
				CLANG_ANALYZER_NUMBER_OBJECT_CONVERSION = YES_AGGRESSIVE;
				CLANG_CXX_LANGUAGE_STANDARD = "gnu++14";
				CLANG_CXX_LIBRARY = "libc++";
				CLANG_ENABLE_MODULES = YES;
				CLANG_ENABLE_OBJC_ARC = YES;
				CLANG_ENABLE_OBJC_WEAK = YES;
				CLANG_WARN_BLOCK_CAPTURE_AUTORELEASING = YES;
				CLANG_WARN_BOOL_CONVERSION = YES;
				CLANG_WARN_COMMA = YES;
				CLANG_WARN_CONSTANT_CONVERSION = YES;
				CLANG_WARN_DEPRECATED_OBJC_IMPLEMENTATIONS = YES;
				CLANG_WARN_DIRECT_OBJC_ISA_USAGE = YES_ERROR;
				CLANG_WARN_DOCUMENTATION_COMMENTS = YES;
				CLANG_WARN_EMPTY_BODY = YES;
				CLANG_WARN_ENUM_CONVERSION = YES;
				CLANG_WARN_INFINITE_RECURSION = YES;
				CLANG_WARN_INT_CONVERSION = YES;
				CLANG_WARN_NON_LITERAL_NULL_CONVERSION = YES;
				CLANG_WARN_OBJC_IMPLICIT_RETAIN_SELF = YES;
				CLANG_WARN_OBJC_LITERAL_CONVERSION = YES;
				CLANG_WARN_OBJC_ROOT_CLASS = YES_ERROR;
				CLANG_WARN_RANGE_LOOP_ANALYSIS = YES;
				CLANG_WARN_STRICT_PROTOTYPES = YES;
				CLANG_WARN_SUSPICIOUS_MOVE = YES;
				CLANG_WARN_UNGUARDED_AVAILABILITY = YES_AGGRESSIVE;
				CLANG_WARN_UNREACHABLE_CODE = YES;
				CLANG_WARN__DUPLICATE_METHOD_MATCH = YES;
				COPY_PHASE_STRIP = NO;
				DEBUG_INFORMATION_FORMAT = "dwarf-with-dsym";
				ENABLE_NS_ASSERTIONS = NO;
				ENABLE_STRICT_OBJC_MSGSEND = YES;
				GCC_C_LANGUAGE_STANDARD = gnu11;
				GCC_NO_COMMON_BLOCKS = YES;
				GCC_WARN_64_TO_32_BIT_CONVERSION = YES;
				GCC_WARN_ABOUT_RETURN_TYPE = YES_ERROR;
				GCC_WARN_UNDECLARED_SELECTOR = YES;
				GCC_WARN_UNINITIALIZED_AUTOS = YES_AGGRESSIVE;
				GCC_WARN_UNUSED_FUNCTION = YES;
				GCC_WARN_UNUSED_VARIABLE = YES;
				IPHONEOS_DEPLOYMENT_TARGET = 13.2;
				MTL_ENABLE_DEBUG_INFO = NO;
				MTL_FAST_MATH = YES;
				SDKROOT = iphoneos;
				SWIFT_COMPILATION_MODE = wholemodule;
				SWIFT_OPTIMIZATION_LEVEL = "-O";
				VALIDATE_PRODUCT = YES;
			};
			name = Release;
		};
		3F3C2A452343A5D80043CE67 /* Debug */ = {
			isa = XCBuildConfiguration;
			baseConfigurationReference = 84E06A3F4711074B8CEEEEB0 /* Pods-WOI.debug.xcconfig */;
			buildSettings = {
				ASSETCATALOG_COMPILER_APPICON_NAME = AppIcon;
				CODE_SIGN_STYLE = Automatic;
				CURRENT_PROJECT_VERSION = 7;
				DEVELOPMENT_TEAM = FXMRWH873T;
				INFOPLIST_FILE = WOI/Info.plist;
				LD_RUNPATH_SEARCH_PATHS = (
					"$(inherited)",
					"@executable_path/Frameworks",
				);
				MARKETING_VERSION = 1.0.4;
				PRODUCT_BUNDLE_IDENTIFIER = com.HusseinNagri.WOI;
				PRODUCT_NAME = "$(TARGET_NAME)";
				SWIFT_VERSION = 5.0;
				TARGETED_DEVICE_FAMILY = "1,2";
			};
			name = Debug;
		};
		3F3C2A462343A5D80043CE67 /* Release */ = {
			isa = XCBuildConfiguration;
			baseConfigurationReference = B265F28328F58917E4071636 /* Pods-WOI.release.xcconfig */;
			buildSettings = {
				ASSETCATALOG_COMPILER_APPICON_NAME = AppIcon;
				CODE_SIGN_STYLE = Automatic;
				CURRENT_PROJECT_VERSION = 7;
				DEVELOPMENT_TEAM = FXMRWH873T;
				INFOPLIST_FILE = WOI/Info.plist;
				LD_RUNPATH_SEARCH_PATHS = (
					"$(inherited)",
					"@executable_path/Frameworks",
				);
				MARKETING_VERSION = 1.0.4;
				PRODUCT_BUNDLE_IDENTIFIER = com.HusseinNagri.WOI;
				PRODUCT_NAME = "$(TARGET_NAME)";
				SWIFT_VERSION = 5.0;
				TARGETED_DEVICE_FAMILY = "1,2";
			};
			name = Release;
		};
/* End XCBuildConfiguration section */

/* Begin XCConfigurationList section */
		3F3C2A2B2343A5D70043CE67 /* Build configuration list for PBXProject "WOI" */ = {
			isa = XCConfigurationList;
			buildConfigurations = (
				3F3C2A422343A5D80043CE67 /* Debug */,
				3F3C2A432343A5D80043CE67 /* Release */,
			);
			defaultConfigurationIsVisible = 0;
			defaultConfigurationName = Release;
		};
		3F3C2A442343A5D80043CE67 /* Build configuration list for PBXNativeTarget "WOI" */ = {
			isa = XCConfigurationList;
			buildConfigurations = (
				3F3C2A452343A5D80043CE67 /* Debug */,
				3F3C2A462343A5D80043CE67 /* Release */,
			);
			defaultConfigurationIsVisible = 0;
			defaultConfigurationName = Release;
		};
/* End XCConfigurationList section */
	};
	rootObject = 3F3C2A282343A5D70043CE67 /* Project object */;
}
